
Microsoft Visual Studio Solution File, Format Version 12.00
# Visual Studio 15
VisualStudioVersion = 15.0.27703.2042
MinimumVisualStudioVersion = 10.0.40219.1
Project("{FAE04EC0-301F-11D3-BF4B-00C04F79EFBC}") = "ThreadingPractice", "ThreadingPractice\ThreadingPractice.csproj", "{4BFEC8F9-22D0-4DB9-916F-D802C6F7C381}"
EndProject
Global
	GlobalSection(SolutionConfigurationPlatforms) = preSolution
		Debug|Any CPU = Debug|Any CPU
		Release|Any CPU = Release|Any CPU
	EndGlobalSection
	GlobalSection(ProjectConfigurationPlatforms) = postSolution
		{4BFEC8F9-22D0-4DB9-916F-D802C6F7C381}.Debug|Any CPU.ActiveCfg = Debug|Any CPU
		{4BFEC8F9-22D0-4DB9-916F-D802C6F7C381}.Debug|Any CPU.Build.0 = Debug|Any CPU
		{4BFEC8F9-22D0-4DB9-916F-D802C6F7C381}.Release|Any CPU.ActiveCfg = Release|Any CPU
		{4BFEC8F9-22D0-4DB9-916F-D802C6F7C381}.Release|Any CPU.Build.0 = Release|Any CPU
	EndGlobalSection
	GlobalSection(SolutionProperties) = preSolution
		HideSolutionNode = FALSE
	EndGlobalSection
	GlobalSection(ExtensibilityGlobals) = postSolution
		SolutionGuid = {94875147-BDFC-4A72-A028-FB691AF85A19}
	EndGlobalSection
EndGlobal
